
Microsoft Visual Studio Solution File, Format Version 12.00
# Visual Studio Version 17
VisualStudioVersion = 17.14.36221.1 d17.14
MinimumVisualStudioVersion = 10.0.40219.1
Project("{2150E333-8FDC-42A3-9474-1A3956D46DE8}") = "src", "src", "{02EA681E-C7D8-13C7-8484-4AC65E1B71E8}"
EndProject
Project("{2150E333-8FDC-42A3-9474-1A3956D46DE8}") = "tests", "tests", "{77F020BE-8B8A-482F-987C-CE6BCCD47927}"
EndProject
Project("{FAE04EC0-301F-11D3-BF4B-00C04F79EFBC}") = "WalletAPI.Domain", "WalletAPI.Domain\WalletAPI.Domain.csproj", "{245ADA72-AF5C-42C8-993F-AF657A3F230C}"
EndProject
Project("{FAE04EC0-301F-11D3-BF4B-00C04F79EFBC}") = "WalletAPI.Application", "WalletAPI.Application\WalletAPI.Application.csproj", "{B816BCDD-078E-4180-B71C-402F5F9DCC21}"
EndProject
Project("{FAE04EC0-301F-11D3-BF4B-00C04F79EFBC}") = "WalletAPI.Infrastructure", "WalletAPI.Infrastructure\WalletAPI.Infrastructure.csproj", "{E4366DC9-EC91-4491-9B44-0B3364E72B3E}"
EndProject
Project("{FAE04EC0-301F-11D3-BF4B-00C04F79EFBC}") = "WalletAPI.API", "WalletAPI.API\WalletAPI.API.csproj", "{6371190B-DAD9-41FF-8B97-C8B143C396C8}"
EndProject
Global
	GlobalSection(SolutionConfigurationPlatforms) = preSolution
		Debug|Any CPU = Debug|Any CPU
		Release|Any CPU = Release|Any CPU
	EndGlobalSection
	GlobalSection(ProjectConfigurationPlatforms) = postSolution
		{245ADA72-AF5C-42C8-993F-AF657A3F230C}.Debug|Any CPU.ActiveCfg = Debug|Any CPU
		{245ADA72-AF5C-42C8-993F-AF657A3F230C}.Debug|Any CPU.Build.0 = Debug|Any CPU
		{245ADA72-AF5C-42C8-993F-AF657A3F230C}.Release|Any CPU.ActiveCfg = Release|Any CPU
		{245ADA72-AF5C-42C8-993F-AF657A3F230C}.Release|Any CPU.Build.0 = Release|Any CPU
		{B816BCDD-078E-4180-B71C-402F5F9DCC21}.Debug|Any CPU.ActiveCfg = Debug|Any CPU
		{B816BCDD-078E-4180-B71C-402F5F9DCC21}.Debug|Any CPU.Build.0 = Debug|Any CPU
		{B816BCDD-078E-4180-B71C-402F5F9DCC21}.Release|Any CPU.ActiveCfg = Release|Any CPU
		{B816BCDD-078E-4180-B71C-402F5F9DCC21}.Release|Any CPU.Build.0 = Release|Any CPU
		{E4366DC9-EC91-4491-9B44-0B3364E72B3E}.Debug|Any CPU.ActiveCfg = Debug|Any CPU
		{E4366DC9-EC91-4491-9B44-0B3364E72B3E}.Debug|Any CPU.Build.0 = Debug|Any CPU
		{E4366DC9-EC91-4491-9B44-0B3364E72B3E}.Release|Any CPU.ActiveCfg = Release|Any CPU
		{E4366DC9-EC91-4491-9B44-0B3364E72B3E}.Release|Any CPU.Build.0 = Release|Any CPU
		{6371190B-DAD9-41FF-8B97-C8B143C396C8}.Debug|Any CPU.ActiveCfg = Debug|Any CPU
		{6371190B-DAD9-41FF-8B97-C8B143C396C8}.Debug|Any CPU.Build.0 = Debug|Any CPU
		{6371190B-DAD9-41FF-8B97-C8B143C396C8}.Release|Any CPU.ActiveCfg = Release|Any CPU
		{6371190B-DAD9-41FF-8B97-C8B143C396C8}.Release|Any CPU.Build.0 = Release|Any CPU
	EndGlobalSection
	GlobalSection(SolutionProperties) = preSolution
		HideSolutionNode = FALSE
	EndGlobalSection
	GlobalSection(NestedProjects) = preSolution
		{245ADA72-AF5C-42C8-993F-AF657A3F230C} = {02EA681E-C7D8-13C7-8484-4AC65E1B71E8}
		{B816BCDD-078E-4180-B71C-402F5F9DCC21} = {02EA681E-C7D8-13C7-8484-4AC65E1B71E8}
		{E4366DC9-EC91-4491-9B44-0B3364E72B3E} = {02EA681E-C7D8-13C7-8484-4AC65E1B71E8}
		{6371190B-DAD9-41FF-8B97-C8B143C396C8} = {02EA681E-C7D8-13C7-8484-4AC65E1B71E8}
	EndGlobalSection
	GlobalSection(ExtensibilityGlobals) = postSolution
		SolutionGuid = {36911F52-1AAB-4147-9382-4E8384CC0076}
	EndGlobalSection
EndGlobal
